
Microsoft Visual Studio Solution File, Format Version 12.00
# Visual Studio Version 16
VisualStudioVersion = 16.0.32002.261
MinimumVisualStudioVersion = 10.0.40219.1
Project("{FAE04EC0-301F-11D3-BF4B-00C04F79EFBC}") = "NewOrMapper_if19b098", "NewOrMapper_if19b098\NewOrMapper_if19b098.csproj", "{8C1FBB98-8E8A-4ED0-83F8-246F810159A2}"
EndProject
Project("{FAE04EC0-301F-11D3-BF4B-00C04F79EFBC}") = "SampleApp", "SampleApp\SampleApp.csproj", "{CD2E51F8-3B18-4A8A-A4A5-9BAD85E75D04}"
EndProject
Project("{FAE04EC0-301F-11D3-BF4B-00C04F79EFBC}") = "NewOrMapper_if19b098.Tests", "NewOrMapper_if19b098.Tests\NewOrMapper_if19b098.Tests.csproj", "{79ABABF8-9E6D-4FB7-8A4C-E6EC99AC0978}"
EndProject
Global
	GlobalSection(SolutionConfigurationPlatforms) = preSolution
		Debug|Any CPU = Debug|Any CPU
		Release|Any CPU = Release|Any CPU
	EndGlobalSection
	GlobalSection(ProjectConfigurationPlatforms) = postSolution
		{8C1FBB98-8E8A-4ED0-83F8-246F810159A2}.Debug|Any CPU.ActiveCfg = Debug|Any CPU
		{8C1FBB98-8E8A-4ED0-83F8-246F810159A2}.Debug|Any CPU.Build.0 = Debug|Any CPU
		{8C1FBB98-8E8A-4ED0-83F8-246F810159A2}.Release|Any CPU.ActiveCfg = Release|Any CPU
		{8C1FBB98-8E8A-4ED0-83F8-246F810159A2}.Release|Any CPU.Build.0 = Release|Any CPU
		{CD2E51F8-3B18-4A8A-A4A5-9BAD85E75D04}.Debug|Any CPU.ActiveCfg = Debug|Any CPU
		{CD2E51F8-3B18-4A8A-A4A5-9BAD85E75D04}.Debug|Any CPU.Build.0 = Debug|Any CPU
		{CD2E51F8-3B18-4A8A-A4A5-9BAD85E75D04}.Release|Any CPU.ActiveCfg = Release|Any CPU
		{CD2E51F8-3B18-4A8A-A4A5-9BAD85E75D04}.Release|Any CPU.Build.0 = Release|Any CPU
		{79ABABF8-9E6D-4FB7-8A4C-E6EC99AC0978}.Debug|Any CPU.ActiveCfg = Debug|Any CPU
		{79ABABF8-9E6D-4FB7-8A4C-E6EC99AC0978}.Debug|Any CPU.Build.0 = Debug|Any CPU
		{79ABABF8-9E6D-4FB7-8A4C-E6EC99AC0978}.Release|Any CPU.ActiveCfg = Release|Any CPU
		{79ABABF8-9E6D-4FB7-8A4C-E6EC99AC0978}.Release|Any CPU.Build.0 = Release|Any CPU
	EndGlobalSection
	GlobalSection(SolutionProperties) = preSolution
		HideSolutionNode = FALSE
	EndGlobalSection
	GlobalSection(ExtensibilityGlobals) = postSolution
		SolutionGuid = {38E808AF-0583-457C-AC0A-B30903C1F16A}
	EndGlobalSection
EndGlobal
